
Microsoft Visual Studio Solution File, Format Version 12.00
# Visual Studio 15
VisualStudioVersion = 15.0.28307.1082
MinimumVisualStudioVersion = 10.0.40219.1
Project("{FAE04EC0-301F-11D3-BF4B-00C04F79EFBC}") = "UniversityWebChat", "UniversityWebChat\UniversityWebChat.csproj", "{30E36AE2-C526-45F8-B485-3D7874A09F81}"
EndProject
Global
	GlobalSection(SolutionConfigurationPlatforms) = preSolution
		Debug|Any CPU = Debug|Any CPU
		Release|Any CPU = Release|Any CPU
	EndGlobalSection
	GlobalSection(ProjectConfigurationPlatforms) = postSolution
		{30E36AE2-C526-45F8-B485-3D7874A09F81}.Debug|Any CPU.ActiveCfg = Debug|Any CPU
		{30E36AE2-C526-45F8-B485-3D7874A09F81}.Debug|Any CPU.Build.0 = Debug|Any CPU
		{30E36AE2-C526-45F8-B485-3D7874A09F81}.Release|Any CPU.ActiveCfg = Release|Any CPU
		{30E36AE2-C526-45F8-B485-3D7874A09F81}.Release|Any CPU.Build.0 = Release|Any CPU
	EndGlobalSection
	GlobalSection(SolutionProperties) = preSolution
		HideSolutionNode = FALSE
	EndGlobalSection
	GlobalSection(ExtensibilityGlobals) = postSolution
		SolutionGuid = {45E7BD0C-4DAE-4A7F-8A5B-1B12D808CE90}
	EndGlobalSection
EndGlobal
